
Microsoft Visual Studio Solution File, Format Version 12.00
# Visual Studio Version 16
VisualStudioVersion = 16.0.29728.190
MinimumVisualStudioVersion = 10.0.40219.1
Project("{FAE04EC0-301F-11D3-BF4B-00C04F79EFBC}") = "GetFileFromShortcut", "GetFileFromShortcut\GetFileFromShortcut.csproj", "{5E05D26A-90E8-46B4-8B73-0FE881925080}"
EndProject
Global
	GlobalSection(SolutionConfigurationPlatforms) = preSolution
		Debug|Any CPU = Debug|Any CPU
		Release|Any CPU = Release|Any CPU
	EndGlobalSection
	GlobalSection(ProjectConfigurationPlatforms) = postSolution
		{5E05D26A-90E8-46B4-8B73-0FE881925080}.Debug|Any CPU.ActiveCfg = Debug|Any CPU
		{5E05D26A-90E8-46B4-8B73-0FE881925080}.Debug|Any CPU.Build.0 = Debug|Any CPU
		{5E05D26A-90E8-46B4-8B73-0FE881925080}.Release|Any CPU.ActiveCfg = Release|Any CPU
		{5E05D26A-90E8-46B4-8B73-0FE881925080}.Release|Any CPU.Build.0 = Release|Any CPU
	EndGlobalSection
	GlobalSection(SolutionProperties) = preSolution
		HideSolutionNode = FALSE
	EndGlobalSection
	GlobalSection(ExtensibilityGlobals) = postSolution
		SolutionGuid = {D04094DA-1813-4A16-9FAF-3F1E99658571}
	EndGlobalSection
EndGlobal
